{
  "version": 4,
  "terraform_version": "1.9.6",
  "serial": 12,
  "lineage": "03f7cfb5-504e-d3cd-a5a8-027bf5c19a42",
  "outputs": {},
  "resources": [
    {
      "mode": "data",
      "type": "local_file",
      "name": "data_res1",
      "provider": "provider[\"registry.terraform.io/hashicorp/local\"]",
      "instances": [
        {
          "schema_version": 0,
          "attributes": {
            "content": "\n\n# length1 = 16\n\n# special1 = false\n\n# override1 = \"some values from random auto .tfvars variable reference\"\n",
            "content_base64": "CgojIGxlbmd0aDEgPSAxNgoKIyBzcGVjaWFsMSA9IGZhbHNlCgojIG92ZXJyaWRlMSA9ICJzb21lIHZhbHVlcyBmcm9tIHJhbmRvbSBhdXRvIC50ZnZhcnMgdmFyaWFibGUgcmVmZXJlbmNlIgo=",
            "content_base64sha256": "JzUj1DGSowr9scMAlzbdLQp0prbogm3ahLrfjtmTX2w=",
            "content_base64sha512": "hbsc+vnbgybe0i6pxOv5rhqPnbJZaoXBkOg2oAlAL9MoryGcoEMZheatV/sSaNEC7fg7G4U5T9wDG0z9tuBxEA==",
            "content_md5": "669ae645046049d12b4f76497e421efc",
            "content_sha1": "c12f323d92f580abeeeb15f1b284f27844027924",
            "content_sha256": "273523d43192a30afdb1c3009736dd2d0a74a6b6e8826dda84badf8ed9935f6c",
            "content_sha512": "85bb1cfaf9db8326ded22ea9c4ebf9ae1a8f9db2596a85c190e836a009402fd328af219ca0431985e6ad57fb1268d102edf83b1b85394fdc031b4cfdb6e07110",
            "filename": "/home/kalyan2/terraform_files/random.auto.tfvars",
            "id": "c12f323d92f580abeeeb15f1b284f27844027924"
          },
          "sensitive_attributes": []
        }
      ]
    },
    {
      "mode": "managed",
      "type": "local_file",
      "name": "expl_res3",
      "provider": "provider[\"registry.terraform.io/hashicorp/local\"]",
      "instances": [
        {
          "schema_version": 0,
          "attributes": {
            "content": "some value from  resource imp_res3 ",
            "content_base64": null,
            "content_base64sha256": "66QZaQOSg03P2UwSI10cknc+mlMaOgNdGs/7NUjIZN4=",
            "content_base64sha512": "32QtvBnyaH+h6W3j9oI/AUHKHgGVkK4mrDxjI7UkFnVf6QKGbuxM5uIpXyLmuQ52zMrTgSvBFEnix8FXMBZ2nQ==",
            "content_md5": "48fd6f8b7ea59c16fba297d81042190e",
            "content_sha1": "ff320efd2042cfa66b8e752556e9d8e92c9a3017",
            "content_sha256": "eba419690392834dcfd94c12235d1c92773e9a531a3a035d1acffb3548c864de",
            "content_sha512": "df642dbc19f2687fa1e96de3f6823f0141ca1e019590ae26ac3c6323b52416755fe902866eec4ce6e2295f22e6b90e76cccad3812bc11449e2c7c1573016769d",
            "directory_permission": "0777",
            "file_permission": "0777",
            "filename": "expl3.txt",
            "id": "ff320efd2042cfa66b8e752556e9d8e92c9a3017",
            "sensitive_content": null,
            "source": null
          },
          "sensitive_attributes": [
            [
              {
                "type": "get_attr",
                "value": "sensitive_content"
              }
            ]
          ],
          "dependencies": [
            "local_file.imp_res1",
            "local_file.imp_res2",
            "local_file.imp_res4"
          ]
        }
      ]
    },
    {
      "mode": "managed",
      "type": "local_file",
      "name": "imp_res1",
      "provider": "provider[\"registry.terraform.io/hashicorp/local\"]",
      "instances": [
        {
          "schema_version": 0,
          "attributes": {
            "content": "some value from  resource imp_res1 ",
            "content_base64": null,
            "content_base64sha256": "B2ao7yH/iXtphNHxxePwYNiSmmczi5VYJx5nGr9O+ck=",
            "content_base64sha512": "kZfD2te4UGZn5V5iwiTA/Et4VbLfQuqR+1lSzIC9SDo3pqkloASDnfbI6/6EHJja4gy6yifzNok3eX+Ns4JXAA==",
            "content_md5": "221b9096a13b4f3fd03d4215fea61abe",
            "content_sha1": "678e71446aeffbd763a181e0812989d18a9347b0",
            "content_sha256": "0766a8ef21ff897b6984d1f1c5e3f060d8929a67338b9558271e671abf4ef9c9",
            "content_sha512": "9197c3dad7b8506667e55e62c224c0fc4b7855b2df42ea91fb5952cc80bd483a37a6a925a004839df6c8ebfe841c98dae20cbaca27f3368937797f8db3825700",
            "directory_permission": "0777",
            "file_permission": "0777",
            "filename": "/home/kalyan2/terraform_files/kk.log",
            "id": "678e71446aeffbd763a181e0812989d18a9347b0",
            "sensitive_content": null,
            "source": null
          },
          "sensitive_attributes": [
            [
              {
                "type": "get_attr",
                "value": "sensitive_content"
              }
            ]
          ]
        }
      ]
    },
    {
      "mode": "managed",
      "type": "local_file",
      "name": "imp_res2",
      "provider": "provider[\"registry.terraform.io/hashicorp/local\"]",
      "instances": [
        {
          "schema_version": 0,
          "attributes": {
            "content": "some value from  resource imp_res2 ",
            "content_base64": null,
            "content_base64sha256": "5B6zJ/FMf+F53SzH4aXdhB7iv+5kpv0+128l7LbnnGk=",
            "content_base64sha512": "hx3IhaE/ZOJ/YN+ddJEjvD4IFsquOMyOo26kSEGHoatkZYvIBykVm1Vuoba6YimVrYJaBUm/pOmDEZcyPGTPkQ==",
            "content_md5": "7bab24a2bf68b4dd60c1dd9776dc2d82",
            "content_sha1": "c925ee21201f7f6764a3897e5a1db1d8f2f614bb",
            "content_sha256": "e41eb327f14c7fe179dd2cc7e1a5dd841ee2bfee64a6fd3ed76f25ecb6e79c69",
            "content_sha512": "871dc885a13f64e27f60df9d749123bc3e0816caae38cc8ea36ea4484187a1ab64658bc80729159b556ea1b6ba622995ad825a0549bfa4e9831197323c64cf91",
            "directory_permission": "0777",
            "file_permission": "0777",
            "filename": "678e71446aeffbd763a181e0812989d18a9347b0",
            "id": "c925ee21201f7f6764a3897e5a1db1d8f2f614bb",
            "sensitive_content": null,
            "source": null
          },
          "sensitive_attributes": [
            [
              {
                "type": "get_attr",
                "value": "sensitive_content"
              }
            ]
          ],
          "dependencies": [
            "local_file.imp_res1"
          ]
        }
      ]
    },
    {
      "mode": "managed",
      "type": "local_file",
      "name": "imp_res4",
      "provider": "provider[\"registry.terraform.io/hashicorp/local\"]",
      "instances": [
        {
          "schema_version": 0,
          "attributes": {
            "content": "some value from  resource imp_res1 ",
            "content_base64": null,
            "content_base64sha256": "B2ao7yH/iXtphNHxxePwYNiSmmczi5VYJx5nGr9O+ck=",
            "content_base64sha512": "kZfD2te4UGZn5V5iwiTA/Et4VbLfQuqR+1lSzIC9SDo3pqkloASDnfbI6/6EHJja4gy6yifzNok3eX+Ns4JXAA==",
            "content_md5": "221b9096a13b4f3fd03d4215fea61abe",
            "content_sha1": "678e71446aeffbd763a181e0812989d18a9347b0",
            "content_sha256": "0766a8ef21ff897b6984d1f1c5e3f060d8929a67338b9558271e671abf4ef9c9",
            "content_sha512": "9197c3dad7b8506667e55e62c224c0fc4b7855b2df42ea91fb5952cc80bd483a37a6a925a004839df6c8ebfe841c98dae20cbaca27f3368937797f8db3825700",
            "directory_permission": "0777",
            "file_permission": "0777",
            "filename": "expl3.txt",
            "id": "678e71446aeffbd763a181e0812989d18a9347b0",
            "sensitive_content": null,
            "source": null
          },
          "sensitive_attributes": [
            [
              {
                "type": "get_attr",
                "value": "sensitive_content"
              }
            ]
          ],
          "dependencies": [
            "local_file.imp_res1"
          ]
        }
      ]
    },
    {
      "mode": "managed",
      "type": "local_file",
      "name": "res_demo1",
      "provider": "provider[\"registry.terraform.io/hashicorp/local\"]",
      "instances": [
        {
          "schema_version": 0,
          "attributes": {
            "content": "/home/kalyan2/terraform_files/random.auto.tfvars",
            "content_base64": null,
            "content_base64sha256": "x/sk8YQTuJp23+wKpeJZQLx2uF2SGjFw/dg7TIP2HF4=",
            "content_base64sha512": "eV7eK2etxXe4iqk/tsSmlBApTPYKvZSzRRq3387hdxw2ESKCoDasmii6es/tpp1jMCPHCLEQVLmkYhhqi5lvOQ==",
            "content_md5": "5ed331853614e6f24a255b355a350138",
            "content_sha1": "56882735af8531ca8b8a63af49ae5383b4b4f9c8",
            "content_sha256": "c7fb24f18413b89a76dfec0aa5e25940bc76b85d921a3170fdd83b4c83f61c5e",
            "content_sha512": "795ede2b67adc577b88aa93fb6c4a69410294cf60abd94b3451ab7dfcee1771c36112282a036ac9a28ba7acfeda69d633023c708b11054b9a462186a8b996f39",
            "directory_permission": "0777",
            "file_permission": "0777",
            "filename": "demo_res1.log",
            "id": "56882735af8531ca8b8a63af49ae5383b4b4f9c8",
            "sensitive_content": null,
            "source": null
          },
          "sensitive_attributes": [
            [
              {
                "type": "get_attr",
                "value": "sensitive_content"
              }
            ]
          ],
          "dependencies": [
            "data.local_file.data_res1"
          ]
        }
      ]
    }
  ],
  "check_results": null
}
