{
  "version": 4,
  "terraform_version": "1.9.6",
  "serial": 79,
  "lineage": "f69f6fcb-d3a6-e2e0-c0f0-1074d034b63e",
  "outputs": {
    "file_id": {
      "value": "2ed45186c72f9319dc64338cdf16ab76b44cf3d1",
      "type": "string"
    }
  },
  "resources": [
    {
      "mode": "managed",
      "type": "local_file",
      "name": "complex_data",
      "provider": "provider[\"registry.terraform.io/hashicorp/local\"]",
      "instances": [
        {
          "schema_version": 0,
          "attributes": {
            "content": "Gulbarga",
            "content_base64": null,
            "content_base64sha256": "3R3zcN6bNQM9/iDJ2VW9xPHB2vvNtlh1T4tyBMtvY3w=",
            "content_base64sha512": "+I8beiWk8KuV+vV7DnzNqrnNtBfPW36rnCWbkl8xz8MVaRQu11j5LDslzBN9PwWMN1SXQNt2nTvzZpQXRfycGg==",
            "content_md5": "c48bfca3a75be21319b0c42cc86ef449",
            "content_sha1": "17bf6308189410bf33f1f8821d7324f70adbc774",
            "content_sha256": "dd1df370de9b35033dfe20c9d955bdc4f1c1dafbcdb658754f8b7204cb6f637c",
            "content_sha512": "f88f1b7a25a4f0ab95faf57b0e7ccdaab9cdb417cf5b7eab9c259b925f31cfc31569142ed758f92c3b25cc137d3f058c37549740db769d3bf366941745fc9c1a",
            "directory_permission": "0777",
            "file_permission": "0777",
            "filename": "user.log",
            "id": "17bf6308189410bf33f1f8821d7324f70adbc774",
            "sensitive_content": null,
            "source": null
          },
          "sensitive_attributes": [
            [
              {
                "type": "get_attr",
                "value": "sensitive_content"
              }
            ]
          ]
        }
      ]
    },
    {
      "mode": "managed",
      "type": "local_file",
      "name": "complex_data1",
      "provider": "provider[\"registry.terraform.io/hashicorp/local\"]",
      "instances": [
        {
          "schema_version": 0,
          "attributes": {
            "content": "Gulbarga",
            "content_base64": null,
            "content_base64sha256": "3R3zcN6bNQM9/iDJ2VW9xPHB2vvNtlh1T4tyBMtvY3w=",
            "content_base64sha512": "+I8beiWk8KuV+vV7DnzNqrnNtBfPW36rnCWbkl8xz8MVaRQu11j5LDslzBN9PwWMN1SXQNt2nTvzZpQXRfycGg==",
            "content_md5": "c48bfca3a75be21319b0c42cc86ef449",
            "content_sha1": "17bf6308189410bf33f1f8821d7324f70adbc774",
            "content_sha256": "dd1df370de9b35033dfe20c9d955bdc4f1c1dafbcdb658754f8b7204cb6f637c",
            "content_sha512": "f88f1b7a25a4f0ab95faf57b0e7ccdaab9cdb417cf5b7eab9c259b925f31cfc31569142ed758f92c3b25cc137d3f058c37549740db769d3bf366941745fc9c1a",
            "directory_permission": "0777",
            "file_permission": "0777",
            "filename": "user.log",
            "id": "17bf6308189410bf33f1f8821d7324f70adbc774",
            "sensitive_content": null,
            "source": null
          },
          "sensitive_attributes": [
            [
              {
                "type": "get_attr",
                "value": "sensitive_content"
              }
            ]
          ]
        }
      ]
    },
    {
      "mode": "managed",
      "type": "local_file",
      "name": "demo2",
      "provider": "provider[\"registry.terraform.io/hashicorp/local\"]",
      "instances": [
        {
          "schema_version": 0,
          "attributes": {
            "content": "this is my second file in terraform so i have done some changes 123 ",
            "content_base64": null,
            "content_base64sha256": "YXd49A8bm0UUrVgg+s9yXudJuRmWgUDHuhoSDRdcqcY=",
            "content_base64sha512": "W+bHZUycsWMMrnYo61ajzkpeW3OlCqm0qKojHDFruxGhman/BDglaoc0dYMAMT0jbzFfQufF+Zj8nmFElKkDCA==",
            "content_md5": "6e8abf73d86f8b4c71418539f2f282a2",
            "content_sha1": "396191f3ec98d280aee9fcad80d5bc85560feeb4",
            "content_sha256": "617778f40f1b9b4514ad5820facf725ee749b919968140c7ba1a120d175ca9c6",
            "content_sha512": "5be6c7654c9cb1630cae7628eb56a3ce4a5e5b73a50aa9b4a8aa231c316bbb11a199a9ff0438256a8734758300313d236f315f42e7c5f998fc9e614494a90308",
            "directory_permission": "0777",
            "file_permission": "0777",
            "filename": "demo_terraform2.txt",
            "id": "396191f3ec98d280aee9fcad80d5bc85560feeb4",
            "sensitive_content": null,
            "source": null
          },
          "sensitive_attributes": [
            [
              {
                "type": "get_attr",
                "value": "sensitive_content"
              }
            ]
          ]
        }
      ]
    },
    {
      "mode": "managed",
      "type": "local_file",
      "name": "demo3",
      "provider": "provider[\"registry.terraform.io/hashicorp/local\"]",
      "instances": [
        {
          "schema_version": 0,
          "attributes": {
            "content": "this is my third file in terraform so i have done some changes  ",
            "content_base64": null,
            "content_base64sha256": "iQ1hNUbhOXWCHHcaymqNgk2+N+ISsVhQ8IdwRTXJPRI=",
            "content_base64sha512": "0l6G2XH8zydIln1bRqzBGN73u5KoJy93kNG/vRYEZS4vJ2BBaw/ot8aXJFDujBdPgu5o0dIMzBUuwhtqltKjow==",
            "content_md5": "88333d137e291d3571d1008b89b4c4d9",
            "content_sha1": "d9bf00edce5d5636e000f0fb759eacb620516216",
            "content_sha256": "890d613546e13975821c771aca6a8d824dbe37e212b15850f087704535c93d12",
            "content_sha512": "d25e86d971fccf2748967d5b46acc118def7bb92a8272f7790d1bfbd1604652e2f2760416b0fe8b7c6972450ee8c174f82ee68d1d20ccc152ec21b6a96d2a3a3",
            "directory_permission": "0777",
            "file_permission": "0777",
            "filename": "demo_terraform3.txt",
            "id": "d9bf00edce5d5636e000f0fb759eacb620516216",
            "sensitive_content": null,
            "source": null
          },
          "sensitive_attributes": [
            [
              {
                "type": "get_attr",
                "value": "sensitive_content"
              }
            ]
          ]
        }
      ]
    },
    {
      "mode": "managed",
      "type": "local_file",
      "name": "demo4",
      "provider": "provider[\"registry.terraform.io/hashicorp/local\"]",
      "instances": [
        {
          "schema_version": 0,
          "attributes": {
            "content": "this is my forth file in terraform so i have done some changes 123 ",
            "content_base64": null,
            "content_base64sha256": "oOy4D7NjEQWTcFuvgPQ0ozTmiTzYXY80tNW/Km1zimg=",
            "content_base64sha512": "pu9Amyos2e+A2Cz6O4ZjzjjvHYlOGvsFl8QvHW0ZRcdui6TpPp18jCGW32oLWCzeNk/gD64DR8xUllP7yNIcpw==",
            "content_md5": "5414e4c4d39120fd1242edcf3455f76c",
            "content_sha1": "35de76a30e1b20d0e8b3ecef7fdeb3f68d6f30e7",
            "content_sha256": "a0ecb80fb363110593705baf80f434a334e6893cd85d8f34b4d5bf2a6d738a68",
            "content_sha512": "a6ef409b2a2cd9ef80d82cfa3b8663ce38ef1d894e1afb0597c42f1d6d1945c76e8ba4e93e9d7c8c2196df6a0b582cde364fe00fae0347cc549653fbc8d21ca7",
            "directory_permission": "0777",
            "file_permission": "0777",
            "filename": "demo_terraform4.txt",
            "id": "35de76a30e1b20d0e8b3ecef7fdeb3f68d6f30e7",
            "sensitive_content": null,
            "source": null
          },
          "sensitive_attributes": [
            [
              {
                "type": "get_attr",
                "value": "sensitive_content"
              }
            ]
          ]
        }
      ]
    },
    {
      "mode": "managed",
      "type": "local_file",
      "name": "demo5",
      "provider": "provider[\"registry.terraform.io/hashicorp/local\"]",
      "instances": [
        {
          "schema_version": 0,
          "attributes": {
            "content": "this is my fifth file in terraform so i have done some changes",
            "content_base64": null,
            "content_base64sha256": "NIeazTCjxWA3j3jP13XppyubFuC94cZRaIAZsR+H96E=",
            "content_base64sha512": "S7efnt/Ojq5Heg6fcbZnIiLMYK4D4xdq2Vxhg50vw8JrjPgt8DK1m3m+N3DxtXa6FpfpYq8Mv5ddF6NlMor6OQ==",
            "content_md5": "b210d8f5596605ba5a49d179777de72d",
            "content_sha1": "8e123f4555dd0543b4ff76c7cb5bffc627328c9e",
            "content_sha256": "34879acd30a3c560378f78cfd775e9a72b9b16e0bde1c651688019b11f87f7a1",
            "content_sha512": "4bb79f9edfce8eae477a0e9f71b6672222cc60ae03e3176ad95c61839d2fc3c26b8cf82df032b59b79be3770f1b576ba1697e962af0cbf975d17a365328afa39",
            "directory_permission": "0777",
            "file_permission": "0777",
            "filename": "demo_terraform5.txt",
            "id": "8e123f4555dd0543b4ff76c7cb5bffc627328c9e",
            "sensitive_content": null,
            "source": null
          },
          "sensitive_attributes": [
            [
              {
                "type": "get_attr",
                "value": "sensitive_content"
              }
            ]
          ]
        }
      ]
    },
    {
      "mode": "managed",
      "type": "local_file",
      "name": "fileCreation",
      "provider": "provider[\"registry.terraform.io/hashicorp/local\"]",
      "instances": [
        {
          "schema_version": 0,
          "attributes": {
            "content": "kk",
            "content_base64": null,
            "content_base64sha256": "rTcO2ZsYmSHn/iYFfECqufT+6DheR2BvUPNIuaVTCvA=",
            "content_base64sha512": "3jLDK0+uaT+AfaII3Ibc8g+i9iDiDZ7cwX1McxG1SXInPiQbFiwe+N+omtL6IQU26sAijYKEDPELDN7POTN7oA==",
            "content_md5": "dc468c70fb574ebd07287b38d0d0676d",
            "content_sha1": "2ed45186c72f9319dc64338cdf16ab76b44cf3d1",
            "content_sha256": "ad370ed99b189921e7fe26057c40aab9f4fee8385e47606f50f348b9a5530af0",
            "content_sha512": "de32c32b4fae693f807da208dc86dcf20fa2f620e20d9edcc17d4c7311b54972273e241b162c1ef8dfa89ad2fa210536eac0228d82840cf10b0cdecf39337ba0",
            "directory_permission": "0777",
            "file_permission": "0777",
            "filename": "x/y/z/test1.txt",
            "id": "2ed45186c72f9319dc64338cdf16ab76b44cf3d1",
            "sensitive_content": null,
            "source": null
          },
          "sensitive_attributes": [
            [
              {
                "type": "get_attr",
                "value": "sensitive_content"
              }
            ]
          ]
        }
      ]
    },
    {
      "mode": "managed",
      "type": "local_file",
      "name": "prim_data",
      "provider": "provider[\"registry.terraform.io/hashicorp/local\"]",
      "instances": [
        {
          "schema_version": 0,
          "attributes": {
            "content": "some values from variable reference from terraform.tfvars for premitive data types",
            "content_base64": null,
            "content_base64sha256": "dOK6EboO1PQOvIE9aIpw/AkQdaWSkLtyRQxjJ+h29bQ=",
            "content_base64sha512": "ImCm5gIkjOwevWi8Byoc7nkCZoPFS2a+lreOx0PnW3UZiNSCqHznFRLbWUQnDe7DiO7IBPEq+kNzborGuBBViQ==",
            "content_md5": "7e39ff1d611451aeb70a43c631544e0d",
            "content_sha1": "d39f5cd4ae222d1983d36ea2e61c7c847d7034fb",
            "content_sha256": "74e2ba11ba0ed4f40ebc813d688a70fc091075a59290bb72450c6327e876f5b4",
            "content_sha512": "2260a6e602248cec1ebd68bc072a1cee79026683c54b66be96b78ec743e75b751988d482a87ce71512db5944270deec388eec804f12afa43736e8ac6b8105589",
            "directory_permission": "0777",
            "file_permission": "0777",
            "filename": "kk.log",
            "id": "d39f5cd4ae222d1983d36ea2e61c7c847d7034fb",
            "sensitive_content": null,
            "source": null
          },
          "sensitive_attributes": [
            [
              {
                "type": "get_attr",
                "value": "sensitive_content"
              }
            ]
          ]
        }
      ]
    },
    {
      "mode": "managed",
      "type": "random_string",
      "name": "ram_complex",
      "provider": "provider[\"registry.terraform.io/hashicorp/random\"]",
      "instances": [
        {
          "schema_version": 2,
          "attributes": {
            "id": "6iTIoBkcZAjAx8ZQ7hM",
            "keepers": null,
            "length": 19,
            "lower": true,
            "min_lower": 0,
            "min_numeric": 0,
            "min_special": 0,
            "min_upper": 0,
            "number": true,
            "numeric": true,
            "override_special": "kalyan",
            "result": "6iTIoBkcZAjAx8ZQ7hM",
            "special": false,
            "upper": true
          },
          "sensitive_attributes": []
        }
      ]
    },
    {
      "mode": "managed",
      "type": "random_string",
      "name": "ram_complex1",
      "provider": "provider[\"registry.terraform.io/hashicorp/random\"]",
      "instances": [
        {
          "schema_version": 2,
          "attributes": {
            "id": "BzJL3ofRoz9cgf06dmX",
            "keepers": null,
            "length": 19,
            "lower": true,
            "min_lower": 0,
            "min_numeric": 0,
            "min_special": 0,
            "min_upper": 0,
            "number": true,
            "numeric": true,
            "override_special": "kalyan",
            "result": "BzJL3ofRoz9cgf06dmX",
            "special": false,
            "upper": true
          },
          "sensitive_attributes": []
        }
      ]
    },
    {
      "mode": "managed",
      "type": "random_string",
      "name": "ram_prim",
      "provider": "provider[\"registry.terraform.io/hashicorp/random\"]",
      "instances": [
        {
          "schema_version": 2,
          "attributes": {
            "id": "ae vxrme eJpijfrfae",
            "keepers": null,
            "length": 19,
            "lower": true,
            "min_lower": 0,
            "min_numeric": 0,
            "min_special": 0,
            "min_upper": 0,
            "number": true,
            "numeric": true,
            "override_special": "some values from variable reference from terraform.tfvars for premitive data types",
            "result": "ae vxrme eJpijfrfae",
            "special": true,
            "upper": true
          },
          "sensitive_attributes": []
        }
      ]
    },
    {
      "mode": "managed",
      "type": "random_string",
      "name": "random1",
      "provider": "provider[\"registry.terraform.io/hashicorp/random\"]",
      "instances": [
        {
          "schema_version": 2,
          "attributes": {
            "id": "erCAnCktnufQ2ErX",
            "keepers": null,
            "length": 16,
            "lower": true,
            "min_lower": 0,
            "min_numeric": 0,
            "min_special": 0,
            "min_upper": 0,
            "number": true,
            "numeric": true,
            "override_special": "any name for this test",
            "result": "erCAnCktnufQ2ErX",
            "special": true,
            "upper": true
          },
          "sensitive_attributes": []
        }
      ]
    }
  ],
  "check_results": null
}
