{
  "version": 4,
  "terraform_version": "1.9.6",
  "serial": 133,
  "lineage": "f69f6fcb-d3a6-e2e0-c0f0-1074d034b63e",
  "outputs": {
    "file_id": {
      "value": "2ed45186c72f9319dc64338cdf16ab76b44cf3d1",
      "type": "string"
    }
  },
  "resources": [
    {
      "mode": "data",
      "type": "local_file",
      "name": "data_res1",
      "provider": "provider[\"registry.terraform.io/hashicorp/local\"]",
      "instances": [
        {
          "schema_version": 0,
          "attributes": {
            "content": "\n\n# length1 = 16\n\n# special1 = false\n\n# override1 = \"some values from random auto .tfvars variable reference\"\n",
            "content_base64": "CgojIGxlbmd0aDEgPSAxNgoKIyBzcGVjaWFsMSA9IGZhbHNlCgojIG92ZXJyaWRlMSA9ICJzb21lIHZhbHVlcyBmcm9tIHJhbmRvbSBhdXRvIC50ZnZhcnMgdmFyaWFibGUgcmVmZXJlbmNlIgo=",
            "content_base64sha256": "JzUj1DGSowr9scMAlzbdLQp0prbogm3ahLrfjtmTX2w=",
            "content_base64sha512": "hbsc+vnbgybe0i6pxOv5rhqPnbJZaoXBkOg2oAlAL9MoryGcoEMZheatV/sSaNEC7fg7G4U5T9wDG0z9tuBxEA==",
            "content_md5": "669ae645046049d12b4f76497e421efc",
            "content_sha1": "c12f323d92f580abeeeb15f1b284f27844027924",
            "content_sha256": "273523d43192a30afdb1c3009736dd2d0a74a6b6e8826dda84badf8ed9935f6c",
            "content_sha512": "85bb1cfaf9db8326ded22ea9c4ebf9ae1a8f9db2596a85c190e836a009402fd328af219ca0431985e6ad57fb1268d102edf83b1b85394fdc031b4cfdb6e07110",
            "filename": "/home/kalyan2/terraform_files/random.auto.tfvars",
            "id": "c12f323d92f580abeeeb15f1b284f27844027924"
          },
          "sensitive_attributes": []
        }
      ]
    },
    {
      "mode": "managed",
      "type": "local_file",
      "name": "complex_data",
      "provider": "provider[\"registry.terraform.io/hashicorp/local\"]",
      "instances": [
        {
          "schema_version": 0,
          "attributes": {
            "content": "Gulbarga",
            "content_base64": null,
            "content_base64sha256": "3R3zcN6bNQM9/iDJ2VW9xPHB2vvNtlh1T4tyBMtvY3w=",
            "content_base64sha512": "+I8beiWk8KuV+vV7DnzNqrnNtBfPW36rnCWbkl8xz8MVaRQu11j5LDslzBN9PwWMN1SXQNt2nTvzZpQXRfycGg==",
            "content_md5": "c48bfca3a75be21319b0c42cc86ef449",
            "content_sha1": "17bf6308189410bf33f1f8821d7324f70adbc774",
            "content_sha256": "dd1df370de9b35033dfe20c9d955bdc4f1c1dafbcdb658754f8b7204cb6f637c",
            "content_sha512": "f88f1b7a25a4f0ab95faf57b0e7ccdaab9cdb417cf5b7eab9c259b925f31cfc31569142ed758f92c3b25cc137d3f058c37549740db769d3bf366941745fc9c1a",
            "directory_permission": "0777",
            "file_permission": "0777",
            "filename": "user.log",
            "id": "17bf6308189410bf33f1f8821d7324f70adbc774",
            "sensitive_content": null,
            "source": null
          },
          "sensitive_attributes": [
            [
              {
                "type": "get_attr",
                "value": "sensitive_content"
              }
            ]
          ]
        }
      ]
    },
    {
      "mode": "managed",
      "type": "local_file",
      "name": "complex_data1",
      "provider": "provider[\"registry.terraform.io/hashicorp/local\"]",
      "instances": [
        {
          "schema_version": 0,
          "attributes": {
            "content": "Gulbarga",
            "content_base64": null,
            "content_base64sha256": "3R3zcN6bNQM9/iDJ2VW9xPHB2vvNtlh1T4tyBMtvY3w=",
            "content_base64sha512": "+I8beiWk8KuV+vV7DnzNqrnNtBfPW36rnCWbkl8xz8MVaRQu11j5LDslzBN9PwWMN1SXQNt2nTvzZpQXRfycGg==",
            "content_md5": "c48bfca3a75be21319b0c42cc86ef449",
            "content_sha1": "17bf6308189410bf33f1f8821d7324f70adbc774",
            "content_sha256": "dd1df370de9b35033dfe20c9d955bdc4f1c1dafbcdb658754f8b7204cb6f637c",
            "content_sha512": "f88f1b7a25a4f0ab95faf57b0e7ccdaab9cdb417cf5b7eab9c259b925f31cfc31569142ed758f92c3b25cc137d3f058c37549740db769d3bf366941745fc9c1a",
            "directory_permission": "0777",
            "file_permission": "0777",
            "filename": "user.log",
            "id": "17bf6308189410bf33f1f8821d7324f70adbc774",
            "sensitive_content": null,
            "source": null
          },
          "sensitive_attributes": [
            [
              {
                "type": "get_attr",
                "value": "sensitive_content"
              }
            ]
          ]
        }
      ]
    },
    {
      "mode": "managed",
      "type": "local_file",
      "name": "demo2",
      "provider": "provider[\"registry.terraform.io/hashicorp/local\"]",
      "instances": [
        {
          "schema_version": 0,
          "attributes": {
            "content": "this is my second file in terraform so i have done some changes 123 ",
            "content_base64": null,
            "content_base64sha256": "YXd49A8bm0UUrVgg+s9yXudJuRmWgUDHuhoSDRdcqcY=",
            "content_base64sha512": "W+bHZUycsWMMrnYo61ajzkpeW3OlCqm0qKojHDFruxGhman/BDglaoc0dYMAMT0jbzFfQufF+Zj8nmFElKkDCA==",
            "content_md5": "6e8abf73d86f8b4c71418539f2f282a2",
            "content_sha1": "396191f3ec98d280aee9fcad80d5bc85560feeb4",
            "content_sha256": "617778f40f1b9b4514ad5820facf725ee749b919968140c7ba1a120d175ca9c6",
            "content_sha512": "5be6c7654c9cb1630cae7628eb56a3ce4a5e5b73a50aa9b4a8aa231c316bbb11a199a9ff0438256a8734758300313d236f315f42e7c5f998fc9e614494a90308",
            "directory_permission": "0777",
            "file_permission": "0777",
            "filename": "demo_terraform2.txt",
            "id": "396191f3ec98d280aee9fcad80d5bc85560feeb4",
            "sensitive_content": null,
            "source": null
          },
          "sensitive_attributes": [
            [
              {
                "type": "get_attr",
                "value": "sensitive_content"
              }
            ]
          ]
        }
      ]
    },
    {
      "mode": "managed",
      "type": "local_file",
      "name": "demo3",
      "provider": "provider[\"registry.terraform.io/hashicorp/local\"]",
      "instances": [
        {
          "schema_version": 0,
          "attributes": {
            "content": "this is my third file in terraform so i have done some changes  ",
            "content_base64": null,
            "content_base64sha256": "iQ1hNUbhOXWCHHcaymqNgk2+N+ISsVhQ8IdwRTXJPRI=",
            "content_base64sha512": "0l6G2XH8zydIln1bRqzBGN73u5KoJy93kNG/vRYEZS4vJ2BBaw/ot8aXJFDujBdPgu5o0dIMzBUuwhtqltKjow==",
            "content_md5": "88333d137e291d3571d1008b89b4c4d9",
            "content_sha1": "d9bf00edce5d5636e000f0fb759eacb620516216",
            "content_sha256": "890d613546e13975821c771aca6a8d824dbe37e212b15850f087704535c93d12",
            "content_sha512": "d25e86d971fccf2748967d5b46acc118def7bb92a8272f7790d1bfbd1604652e2f2760416b0fe8b7c6972450ee8c174f82ee68d1d20ccc152ec21b6a96d2a3a3",
            "directory_permission": "0777",
            "file_permission": "0777",
            "filename": "demo_terraform3.txt",
            "id": "d9bf00edce5d5636e000f0fb759eacb620516216",
            "sensitive_content": null,
            "source": null
          },
          "sensitive_attributes": [
            [
              {
                "type": "get_attr",
                "value": "sensitive_content"
              }
            ]
          ]
        }
      ]
    },
    {
      "mode": "managed",
      "type": "local_file",
      "name": "demo4",
      "provider": "provider[\"registry.terraform.io/hashicorp/local\"]",
      "instances": [
        {
          "schema_version": 0,
          "attributes": {
            "content": "this is my forth file in terraform so i have done some changes 123 ",
            "content_base64": null,
            "content_base64sha256": "oOy4D7NjEQWTcFuvgPQ0ozTmiTzYXY80tNW/Km1zimg=",
            "content_base64sha512": "pu9Amyos2e+A2Cz6O4ZjzjjvHYlOGvsFl8QvHW0ZRcdui6TpPp18jCGW32oLWCzeNk/gD64DR8xUllP7yNIcpw==",
            "content_md5": "5414e4c4d39120fd1242edcf3455f76c",
            "content_sha1": "35de76a30e1b20d0e8b3ecef7fdeb3f68d6f30e7",
            "content_sha256": "a0ecb80fb363110593705baf80f434a334e6893cd85d8f34b4d5bf2a6d738a68",
            "content_sha512": "a6ef409b2a2cd9ef80d82cfa3b8663ce38ef1d894e1afb0597c42f1d6d1945c76e8ba4e93e9d7c8c2196df6a0b582cde364fe00fae0347cc549653fbc8d21ca7",
            "directory_permission": "0777",
            "file_permission": "0777",
            "filename": "demo_terraform4.txt",
            "id": "35de76a30e1b20d0e8b3ecef7fdeb3f68d6f30e7",
            "sensitive_content": null,
            "source": null
          },
          "sensitive_attributes": [
            [
              {
                "type": "get_attr",
                "value": "sensitive_content"
              }
            ]
          ]
        }
      ]
    },
    {
      "mode": "managed",
      "type": "local_file",
      "name": "demo5",
      "provider": "provider[\"registry.terraform.io/hashicorp/local\"]",
      "instances": [
        {
          "schema_version": 0,
          "attributes": {
            "content": "this is my fifth file in terraform so i have done some changes",
            "content_base64": null,
            "content_base64sha256": "NIeazTCjxWA3j3jP13XppyubFuC94cZRaIAZsR+H96E=",
            "content_base64sha512": "S7efnt/Ojq5Heg6fcbZnIiLMYK4D4xdq2Vxhg50vw8JrjPgt8DK1m3m+N3DxtXa6FpfpYq8Mv5ddF6NlMor6OQ==",
            "content_md5": "b210d8f5596605ba5a49d179777de72d",
            "content_sha1": "8e123f4555dd0543b4ff76c7cb5bffc627328c9e",
            "content_sha256": "34879acd30a3c560378f78cfd775e9a72b9b16e0bde1c651688019b11f87f7a1",
            "content_sha512": "4bb79f9edfce8eae477a0e9f71b6672222cc60ae03e3176ad95c61839d2fc3c26b8cf82df032b59b79be3770f1b576ba1697e962af0cbf975d17a365328afa39",
            "directory_permission": "0777",
            "file_permission": "0777",
            "filename": "demo_terraform5.txt",
            "id": "8e123f4555dd0543b4ff76c7cb5bffc627328c9e",
            "sensitive_content": null,
            "source": null
          },
          "sensitive_attributes": [
            [
              {
                "type": "get_attr",
                "value": "sensitive_content"
              }
            ]
          ]
        }
      ]
    },
    {
      "mode": "managed",
      "type": "local_file",
      "name": "fileCreation",
      "provider": "provider[\"registry.terraform.io/hashicorp/local\"]",
      "instances": [
        {
          "schema_version": 0,
          "attributes": {
            "content": "kk",
            "content_base64": null,
            "content_base64sha256": "rTcO2ZsYmSHn/iYFfECqufT+6DheR2BvUPNIuaVTCvA=",
            "content_base64sha512": "3jLDK0+uaT+AfaII3Ibc8g+i9iDiDZ7cwX1McxG1SXInPiQbFiwe+N+omtL6IQU26sAijYKEDPELDN7POTN7oA==",
            "content_md5": "dc468c70fb574ebd07287b38d0d0676d",
            "content_sha1": "2ed45186c72f9319dc64338cdf16ab76b44cf3d1",
            "content_sha256": "ad370ed99b189921e7fe26057c40aab9f4fee8385e47606f50f348b9a5530af0",
            "content_sha512": "de32c32b4fae693f807da208dc86dcf20fa2f620e20d9edcc17d4c7311b54972273e241b162c1ef8dfa89ad2fa210536eac0228d82840cf10b0cdecf39337ba0",
            "directory_permission": "0777",
            "file_permission": "0777",
            "filename": "x/y/z/test1.txt",
            "id": "2ed45186c72f9319dc64338cdf16ab76b44cf3d1",
            "sensitive_content": null,
            "source": null
          },
          "sensitive_attributes": [
            [
              {
                "type": "get_attr",
                "value": "sensitive_content"
              }
            ]
          ]
        }
      ]
    },
    {
      "mode": "managed",
      "type": "local_file",
      "name": "imp_res1",
      "provider": "provider[\"registry.terraform.io/hashicorp/local\"]",
      "instances": [
        {
          "schema_version": 0,
          "attributes": {
            "content": "some value from  resource imp_res1 ",
            "content_base64": null,
            "content_base64sha256": "B2ao7yH/iXtphNHxxePwYNiSmmczi5VYJx5nGr9O+ck=",
            "content_base64sha512": "kZfD2te4UGZn5V5iwiTA/Et4VbLfQuqR+1lSzIC9SDo3pqkloASDnfbI6/6EHJja4gy6yifzNok3eX+Ns4JXAA==",
            "content_md5": "221b9096a13b4f3fd03d4215fea61abe",
            "content_sha1": "678e71446aeffbd763a181e0812989d18a9347b0",
            "content_sha256": "0766a8ef21ff897b6984d1f1c5e3f060d8929a67338b9558271e671abf4ef9c9",
            "content_sha512": "9197c3dad7b8506667e55e62c224c0fc4b7855b2df42ea91fb5952cc80bd483a37a6a925a004839df6c8ebfe841c98dae20cbaca27f3368937797f8db3825700",
            "directory_permission": "0777",
            "file_permission": "0777",
            "filename": "/home/kalyan2/terraform_files/kk.log",
            "id": "678e71446aeffbd763a181e0812989d18a9347b0",
            "sensitive_content": null,
            "source": null
          },
          "sensitive_attributes": [
            [
              {
                "type": "get_attr",
                "value": "sensitive_content"
              }
            ]
          ]
        }
      ]
    },
    {
      "mode": "managed",
      "type": "local_file",
      "name": "imp_res2",
      "provider": "provider[\"registry.terraform.io/hashicorp/local\"]",
      "instances": [
        {
          "schema_version": 0,
          "attributes": {
            "content": "some value from  resource imp_res2 ",
            "content_base64": null,
            "content_base64sha256": "5B6zJ/FMf+F53SzH4aXdhB7iv+5kpv0+128l7LbnnGk=",
            "content_base64sha512": "hx3IhaE/ZOJ/YN+ddJEjvD4IFsquOMyOo26kSEGHoatkZYvIBykVm1Vuoba6YimVrYJaBUm/pOmDEZcyPGTPkQ==",
            "content_md5": "7bab24a2bf68b4dd60c1dd9776dc2d82",
            "content_sha1": "c925ee21201f7f6764a3897e5a1db1d8f2f614bb",
            "content_sha256": "e41eb327f14c7fe179dd2cc7e1a5dd841ee2bfee64a6fd3ed76f25ecb6e79c69",
            "content_sha512": "871dc885a13f64e27f60df9d749123bc3e0816caae38cc8ea36ea4484187a1ab64658bc80729159b556ea1b6ba622995ad825a0549bfa4e9831197323c64cf91",
            "directory_permission": "0777",
            "file_permission": "0777",
            "filename": "678e71446aeffbd763a181e0812989d18a9347b0",
            "id": "c925ee21201f7f6764a3897e5a1db1d8f2f614bb",
            "sensitive_content": null,
            "source": null
          },
          "sensitive_attributes": [
            [
              {
                "type": "get_attr",
                "value": "sensitive_content"
              }
            ]
          ],
          "dependencies": [
            "local_file.imp_res1"
          ]
        }
      ]
    },
    {
      "mode": "managed",
      "type": "local_file",
      "name": "imp_res3",
      "provider": "provider[\"registry.terraform.io/hashicorp/local\"]",
      "instances": [
        {
          "schema_version": 0,
          "attributes": {
            "content": "some value from  resource imp_res2 ",
            "content_base64": null,
            "content_base64sha256": "5B6zJ/FMf+F53SzH4aXdhB7iv+5kpv0+128l7LbnnGk=",
            "content_base64sha512": "hx3IhaE/ZOJ/YN+ddJEjvD4IFsquOMyOo26kSEGHoatkZYvIBykVm1Vuoba6YimVrYJaBUm/pOmDEZcyPGTPkQ==",
            "content_md5": "7bab24a2bf68b4dd60c1dd9776dc2d82",
            "content_sha1": "c925ee21201f7f6764a3897e5a1db1d8f2f614bb",
            "content_sha256": "e41eb327f14c7fe179dd2cc7e1a5dd841ee2bfee64a6fd3ed76f25ecb6e79c69",
            "content_sha512": "871dc885a13f64e27f60df9d749123bc3e0816caae38cc8ea36ea4484187a1ab64658bc80729159b556ea1b6ba622995ad825a0549bfa4e9831197323c64cf91",
            "directory_permission": "0777",
            "file_permission": "0777",
            "filename": "res3.txt",
            "id": "c925ee21201f7f6764a3897e5a1db1d8f2f614bb",
            "sensitive_content": null,
            "source": null
          },
          "sensitive_attributes": [
            [
              {
                "type": "get_attr",
                "value": "sensitive_content"
              }
            ]
          ],
          "dependencies": [
            "local_file.imp_res1",
            "local_file.imp_res4"
          ]
        }
      ]
    },
    {
      "mode": "managed",
      "type": "local_file",
      "name": "imp_res4",
      "provider": "provider[\"registry.terraform.io/hashicorp/local\"]",
      "instances": [
        {
          "schema_version": 0,
          "attributes": {
            "content": "some value from  resource imp_res1 ",
            "content_base64": null,
            "content_base64sha256": "B2ao7yH/iXtphNHxxePwYNiSmmczi5VYJx5nGr9O+ck=",
            "content_base64sha512": "kZfD2te4UGZn5V5iwiTA/Et4VbLfQuqR+1lSzIC9SDo3pqkloASDnfbI6/6EHJja4gy6yifzNok3eX+Ns4JXAA==",
            "content_md5": "221b9096a13b4f3fd03d4215fea61abe",
            "content_sha1": "678e71446aeffbd763a181e0812989d18a9347b0",
            "content_sha256": "0766a8ef21ff897b6984d1f1c5e3f060d8929a67338b9558271e671abf4ef9c9",
            "content_sha512": "9197c3dad7b8506667e55e62c224c0fc4b7855b2df42ea91fb5952cc80bd483a37a6a925a004839df6c8ebfe841c98dae20cbaca27f3368937797f8db3825700",
            "directory_permission": "0777",
            "file_permission": "0777",
            "filename": "res4.txt",
            "id": "678e71446aeffbd763a181e0812989d18a9347b0",
            "sensitive_content": null,
            "source": null
          },
          "sensitive_attributes": [
            [
              {
                "type": "get_attr",
                "value": "sensitive_content"
              }
            ]
          ],
          "dependencies": [
            "local_file.imp_res1"
          ]
        }
      ]
    },
    {
      "mode": "managed",
      "type": "local_file",
      "name": "prim_data",
      "provider": "provider[\"registry.terraform.io/hashicorp/local\"]",
      "instances": [
        {
          "schema_version": 0,
          "attributes": {
            "content": "some values from variable reference from terraform.tfvars for premitive data types",
            "content_base64": null,
            "content_base64sha256": "dOK6EboO1PQOvIE9aIpw/AkQdaWSkLtyRQxjJ+h29bQ=",
            "content_base64sha512": "ImCm5gIkjOwevWi8Byoc7nkCZoPFS2a+lreOx0PnW3UZiNSCqHznFRLbWUQnDe7DiO7IBPEq+kNzborGuBBViQ==",
            "content_md5": "7e39ff1d611451aeb70a43c631544e0d",
            "content_sha1": "d39f5cd4ae222d1983d36ea2e61c7c847d7034fb",
            "content_sha256": "74e2ba11ba0ed4f40ebc813d688a70fc091075a59290bb72450c6327e876f5b4",
            "content_sha512": "2260a6e602248cec1ebd68bc072a1cee79026683c54b66be96b78ec743e75b751988d482a87ce71512db5944270deec388eec804f12afa43736e8ac6b8105589",
            "directory_permission": "0777",
            "file_permission": "0777",
            "filename": "kk.log",
            "id": "d39f5cd4ae222d1983d36ea2e61c7c847d7034fb",
            "sensitive_content": null,
            "source": null
          },
          "sensitive_attributes": [
            [
              {
                "type": "get_attr",
                "value": "sensitive_content"
              }
            ]
          ]
        }
      ]
    },
    {
      "mode": "managed",
      "type": "local_file",
      "name": "res_demo1",
      "provider": "provider[\"registry.terraform.io/hashicorp/local\"]",
      "instances": [
        {
          "schema_version": 0,
          "attributes": {
            "content": "/home/kalyan2/terraform_files/random.auto.tfvars",
            "content_base64": null,
            "content_base64sha256": "x/sk8YQTuJp23+wKpeJZQLx2uF2SGjFw/dg7TIP2HF4=",
            "content_base64sha512": "eV7eK2etxXe4iqk/tsSmlBApTPYKvZSzRRq3387hdxw2ESKCoDasmii6es/tpp1jMCPHCLEQVLmkYhhqi5lvOQ==",
            "content_md5": "5ed331853614e6f24a255b355a350138",
            "content_sha1": "56882735af8531ca8b8a63af49ae5383b4b4f9c8",
            "content_sha256": "c7fb24f18413b89a76dfec0aa5e25940bc76b85d921a3170fdd83b4c83f61c5e",
            "content_sha512": "795ede2b67adc577b88aa93fb6c4a69410294cf60abd94b3451ab7dfcee1771c36112282a036ac9a28ba7acfeda69d633023c708b11054b9a462186a8b996f39",
            "directory_permission": "0777",
            "file_permission": "0777",
            "filename": "demo_res1.log",
            "id": "56882735af8531ca8b8a63af49ae5383b4b4f9c8",
            "sensitive_content": null,
            "source": null
          },
          "sensitive_attributes": [
            [
              {
                "type": "get_attr",
                "value": "sensitive_content"
              }
            ]
          ],
          "dependencies": [
            "data.local_file.data_res1"
          ]
        }
      ]
    },
    {
      "mode": "managed",
      "type": "random_string",
      "name": "ram_complex",
      "provider": "provider[\"registry.terraform.io/hashicorp/random\"]",
      "instances": [
        {
          "schema_version": 2,
          "attributes": {
            "id": "EUGzfIiA1ZJNTsKcRuV",
            "keepers": null,
            "length": 19,
            "lower": true,
            "min_lower": 0,
            "min_numeric": 0,
            "min_special": 0,
            "min_upper": 0,
            "number": true,
            "numeric": true,
            "override_special": "kalyan",
            "result": "EUGzfIiA1ZJNTsKcRuV",
            "special": false,
            "upper": true
          },
          "sensitive_attributes": []
        }
      ]
    },
    {
      "mode": "managed",
      "type": "random_string",
      "name": "ram_complex1",
      "provider": "provider[\"registry.terraform.io/hashicorp/random\"]",
      "instances": [
        {
          "schema_version": 2,
          "attributes": {
            "id": "KrhGe1TdssD8a8ewFff",
            "keepers": null,
            "length": 19,
            "lower": true,
            "min_lower": 0,
            "min_numeric": 0,
            "min_special": 0,
            "min_upper": 0,
            "number": true,
            "numeric": true,
            "override_special": "kalyan",
            "result": "KrhGe1TdssD8a8ewFff",
            "special": false,
            "upper": true
          },
          "sensitive_attributes": []
        }
      ]
    },
    {
      "mode": "managed",
      "type": "random_string",
      "name": "ram_prim",
      "provider": "provider[\"registry.terraform.io/hashicorp/random\"]",
      "instances": [
        {
          "schema_version": 2,
          "attributes": {
            "id": "rpieHe friPsprrva v",
            "keepers": null,
            "length": 19,
            "lower": true,
            "min_lower": 0,
            "min_numeric": 0,
            "min_special": 0,
            "min_upper": 0,
            "number": true,
            "numeric": true,
            "override_special": "some values from variable reference from terraform.tfvars for premitive data types",
            "result": "rpieHe friPsprrva v",
            "special": true,
            "upper": true
          },
          "sensitive_attributes": []
        }
      ]
    },
    {
      "mode": "managed",
      "type": "random_string",
      "name": "random1",
      "provider": "provider[\"registry.terraform.io/hashicorp/random\"]",
      "instances": [
        {
          "schema_version": 2,
          "attributes": {
            "id": "u3r9yrTUiYvnJ oG",
            "keepers": null,
            "length": 16,
            "lower": true,
            "min_lower": 0,
            "min_numeric": 0,
            "min_special": 0,
            "min_upper": 0,
            "number": true,
            "numeric": true,
            "override_special": "any name for this test",
            "result": "u3r9yrTUiYvnJ oG",
            "special": true,
            "upper": true
          },
          "sensitive_attributes": []
        }
      ]
    }
  ],
  "check_results": null
}
