{
  "version": 4,
  "terraform_version": "1.9.6",
  "serial": 30,
  "lineage": "2c73697a-9c5c-c1de-eecf-517db37322f6",
  "outputs": {},
  "resources": [
    {
      "mode": "managed",
      "type": "local_file",
      "name": "m2",
      "provider": "provider[\"registry.terraform.io/hashicorp/local\"]",
      "instances": [
        {
          "index_key": "austrelia",
          "schema_version": 0,
          "attributes": {
            "content": "austrelia",
            "content_base64": null,
            "content_base64sha256": "tHJHXeXjOjVR51BPOkLMo1iwrNzRoeazFnzKnkWAlrs=",
            "content_base64sha512": "gQMaHxmT3edKGVWB/fIAYXencDoMD+CtcW/4fb3vADBuiwpQAv05Y6bzkFsV7L72GMGs+jYdeCMhwPsXjCdEgA==",
            "content_md5": "8652ae28ada5a3d7db3381e9e667612a",
            "content_sha1": "2daad3e15ca4941599ab29573de993b117e90bb4",
            "content_sha256": "b472475de5e33a3551e7504f3a42cca358b0acdcd1a1e6b3167cca9e458096bb",
            "content_sha512": "81031a1f1993dde74a195581fdf2006177a7703a0c0fe0ad716ff87dbdef00306e8b0a5002fd3963a6f3905b15ecbef618c1acfa361d782321c0fb178c274480",
            "directory_permission": "0777",
            "file_permission": "0777",
            "filename": "loc1_5",
            "id": "2daad3e15ca4941599ab29573de993b117e90bb4",
            "sensitive_content": null,
            "source": null
          },
          "sensitive_attributes": [
            [
              {
                "type": "get_attr",
                "value": "sensitive_content"
              }
            ]
          ]
        },
        {
          "index_key": "central-west",
          "schema_version": 0,
          "attributes": {
            "content": "central-west",
            "content_base64": null,
            "content_base64sha256": "vopJ6GyG24ZPG4ESCrll+3KcOGkyb/63kSi+8Mrm7uA=",
            "content_base64sha512": "qGAUvt2cSxPxpzePVrzRR4CwQdAT14wq8I/UjpAMZ3Pnk62DlCHcbPKbUDz2rr7ry1rSG2J36CUSPeQX5S9BHA==",
            "content_md5": "467143275396e32b28d9c40c1e056042",
            "content_sha1": "58f82e6808a1e6af4dafc5048851499473a6fcd5",
            "content_sha256": "be8a49e86c86db864f1b81120ab965fb729c3869326ffeb79128bef0cae6eee0",
            "content_sha512": "a86014bedd9c4b13f1a7378f56bcd14780b041d013d78c2af08fd48e900c6773e793ad839421dc6cf29b503cf6aebeebcb5ad21b6277e825123de417e52f411c",
            "directory_permission": "0777",
            "file_permission": "0777",
            "filename": "loc1_5",
            "id": "58f82e6808a1e6af4dafc5048851499473a6fcd5",
            "sensitive_content": null,
            "source": null
          },
          "sensitive_attributes": [
            [
              {
                "type": "get_attr",
                "value": "sensitive_content"
              }
            ]
          ]
        },
        {
          "index_key": "north-east",
          "schema_version": 0,
          "attributes": {
            "content": "north-east",
            "content_base64": null,
            "content_base64sha256": "MSXEJodzyGrQraqX3P51F1B1rfHPuMJAiqSghX0Q31o=",
            "content_base64sha512": "6ivn7F0rtYDjKbFwjfPOvTI9Ly957mlSUvwwWwkUzXJsSpaXBOGKrGSvOiPslcYX/ylogWAdgKPqVXGzqoBUQw==",
            "content_md5": "148c89d38f2721774d605658b86698c6",
            "content_sha1": "591a586e83e3c68bcf4876548f0880f1c094ec28",
            "content_sha256": "3125c4268773c86ad0adaa97dcfe75175075adf1cfb8c2408aa4a0857d10df5a",
            "content_sha512": "ea2be7ec5d2bb580e329b1708df3cebd323d2f2f79ee695252fc305b0914cd726c4a969704e18aac64af3a23ec95c617ff296881601d80a3ea5571b3aa805443",
            "directory_permission": "0777",
            "file_permission": "0777",
            "filename": "loc1_5",
            "id": "591a586e83e3c68bcf4876548f0880f1c094ec28",
            "sensitive_content": null,
            "source": null
          },
          "sensitive_attributes": [
            [
              {
                "type": "get_attr",
                "value": "sensitive_content"
              }
            ]
          ]
        },
        {
          "index_key": "south-america",
          "schema_version": 0,
          "attributes": {
            "content": "south-america",
            "content_base64": null,
            "content_base64sha256": "OplCJNtOMK2dMmJc35qNILpprmHQuColDty30gE9gL4=",
            "content_base64sha512": "jXsxQpPxoopXRTndvq/pVnc1gQLW8Jg4Bc+7YmGrzA/YHxV+MPjy7IVZfwPl5y1QxHsz1/N4zJ6R0moRJZqsXQ==",
            "content_md5": "ce8b796a12d22878348ab01763d834b9",
            "content_sha1": "34fcdf348dc147b7a1ac5ca69b69b551ea98a1fa",
            "content_sha256": "3a994224db4e30ad9d32625cdf9a8d20ba69ae61d0b82a250edcb7d2013d80be",
            "content_sha512": "8d7b314293f1a28a574539ddbeafe95677358102d6f0983805cfbb6261abcc0fd81f157e30f8f2ec85597f03e5e72d50c47b33d7f378cc9e91d26a11259aac5d",
            "directory_permission": "0777",
            "file_permission": "0777",
            "filename": "loc1_5",
            "id": "34fcdf348dc147b7a1ac5ca69b69b551ea98a1fa",
            "sensitive_content": null,
            "source": null
          },
          "sensitive_attributes": [
            [
              {
                "type": "get_attr",
                "value": "sensitive_content"
              }
            ]
          ]
        },
        {
          "index_key": "south-east",
          "schema_version": 0,
          "attributes": {
            "content": "south-east",
            "content_base64": null,
            "content_base64sha256": "7EdCT+7PReXMKv2qHNW3eqBrqF71BMYeJvWxYOvEg4A=",
            "content_base64sha512": "5L9PrL9TRBvpdLDS6YeC45/tVhXZDeYhTYSZ18Z/1qgw4HNSkUJcnfsd2Uopy06LiILs9kCk20/mKuA3jeIlQQ==",
            "content_md5": "d857ea16326ac6746fb8bf70e0fb380b",
            "content_sha1": "4fade7058a5d147da13e7252a100e04809244e8d",
            "content_sha256": "ec47424feecf45e5cc2afdaa1cd5b77aa06ba85ef504c61e26f5b160ebc48380",
            "content_sha512": "e4bf4facbf53441be974b0d2e98782e39fed5615d90de6214d8499d7c67fd6a830e0735291425c9dfb1dd94a29cb4e8b8882ecf640a4db4fe62ae0378de22541",
            "directory_permission": "0777",
            "file_permission": "0777",
            "filename": "loc1_5",
            "id": "4fade7058a5d147da13e7252a100e04809244e8d",
            "sensitive_content": null,
            "source": null
          },
          "sensitive_attributes": [
            [
              {
                "type": "get_attr",
                "value": "sensitive_content"
              }
            ]
          ]
        }
      ]
    }
  ],
  "check_results": null
}
