{
  "version": 4,
  "terraform_version": "1.9.6",
  "serial": 6,
  "lineage": "393414db-7a26-5279-f32f-8e962f506e7c",
  "outputs": {
    "out_contant": {
      "value": "/home/kalyan2/terraform_files/random.auto.tfvars",
      "type": "string"
    }
  },
  "resources": [
    {
      "mode": "data",
      "type": "local_file",
      "name": "data_res1",
      "provider": "provider[\"registry.terraform.io/hashicorp/local\"]",
      "instances": [
        {
          "schema_version": 0,
          "attributes": {
            "content": "\n\n length1 = 16\n\n special1 = false\n\n override1 = \"some values from random auto .tfvars variable reference\"\n",
            "content_base64": "CgogbGVuZ3RoMSA9IDE2Cgogc3BlY2lhbDEgPSBmYWxzZQoKIG92ZXJyaWRlMSA9ICJzb21lIHZhbHVlcyBmcm9tIHJhbmRvbSBhdXRvIC50ZnZhcnMgdmFyaWFibGUgcmVmZXJlbmNlIgo=",
            "content_base64sha256": "LkTYl8JCgZXaQGZFzxHE9lfE+/GWACDMxP8gLmRTWMY=",
            "content_base64sha512": "k1YlAX8EeKA8NYZSEMJBWy4HVkV8UuWtjElG5cYPKsN2UeZ+SG7TpZ/D1Y2r4n5/VybzNTRa4WscuspwDoC/vw==",
            "content_md5": "ad5914c040d460644220ef45d45c0ec6",
            "content_sha1": "4851a4918ea1cceb591a7f1c058741f11b39f590",
            "content_sha256": "2e44d897c2428195da406645cf11c4f657c4fbf1960020ccc4ff202e645358c6",
            "content_sha512": "935625017f0478a03c35865210c2415b2e0756457c52e5ad8c4946e5c60f2ac37651e67e486ed3a59fc3d58dabe27e7f5726f335345ae16b1cbaca700e80bfbf",
            "filename": "/home/kalyan2/terraform_files/random.auto.tfvars",
            "id": "4851a4918ea1cceb591a7f1c058741f11b39f590"
          },
          "sensitive_attributes": []
        }
      ]
    },
    {
      "mode": "managed",
      "type": "local_file",
      "name": "expl_res3",
      "provider": "provider[\"registry.terraform.io/hashicorp/local\"]",
      "instances": [
        {
          "schema_version": 0,
          "attributes": {
            "content": "some value from  resource imp_res3 ",
            "content_base64": null,
            "content_base64sha256": "66QZaQOSg03P2UwSI10cknc+mlMaOgNdGs/7NUjIZN4=",
            "content_base64sha512": "32QtvBnyaH+h6W3j9oI/AUHKHgGVkK4mrDxjI7UkFnVf6QKGbuxM5uIpXyLmuQ52zMrTgSvBFEnix8FXMBZ2nQ==",
            "content_md5": "48fd6f8b7ea59c16fba297d81042190e",
            "content_sha1": "ff320efd2042cfa66b8e752556e9d8e92c9a3017",
            "content_sha256": "eba419690392834dcfd94c12235d1c92773e9a531a3a035d1acffb3548c864de",
            "content_sha512": "df642dbc19f2687fa1e96de3f6823f0141ca1e019590ae26ac3c6323b52416755fe902866eec4ce6e2295f22e6b90e76cccad3812bc11449e2c7c1573016769d",
            "directory_permission": "0777",
            "file_permission": "0777",
            "filename": "expl3.txt",
            "id": "ff320efd2042cfa66b8e752556e9d8e92c9a3017",
            "sensitive_content": null,
            "source": null
          },
          "sensitive_attributes": [
            [
              {
                "type": "get_attr",
                "value": "sensitive_content"
              }
            ]
          ],
          "dependencies": [
            "local_file.imp_res1",
            "local_file.imp_res2",
            "local_file.imp_res4"
          ]
        }
      ]
    },
    {
      "mode": "managed",
      "type": "local_file",
      "name": "imp_res1",
      "provider": "provider[\"registry.terraform.io/hashicorp/local\"]",
      "instances": [
        {
          "schema_version": 0,
          "attributes": {
            "content": "some value from  resource imp_res1 ",
            "content_base64": null,
            "content_base64sha256": "B2ao7yH/iXtphNHxxePwYNiSmmczi5VYJx5nGr9O+ck=",
            "content_base64sha512": "kZfD2te4UGZn5V5iwiTA/Et4VbLfQuqR+1lSzIC9SDo3pqkloASDnfbI6/6EHJja4gy6yifzNok3eX+Ns4JXAA==",
            "content_md5": "221b9096a13b4f3fd03d4215fea61abe",
            "content_sha1": "678e71446aeffbd763a181e0812989d18a9347b0",
            "content_sha256": "0766a8ef21ff897b6984d1f1c5e3f060d8929a67338b9558271e671abf4ef9c9",
            "content_sha512": "9197c3dad7b8506667e55e62c224c0fc4b7855b2df42ea91fb5952cc80bd483a37a6a925a004839df6c8ebfe841c98dae20cbaca27f3368937797f8db3825700",
            "directory_permission": "0777",
            "file_permission": "0777",
            "filename": "/home/kalyan2/terraform_files/kk.log",
            "id": "678e71446aeffbd763a181e0812989d18a9347b0",
            "sensitive_content": null,
            "source": null
          },
          "sensitive_attributes": [
            [
              {
                "type": "get_attr",
                "value": "sensitive_content"
              }
            ]
          ]
        }
      ]
    },
    {
      "mode": "managed",
      "type": "local_file",
      "name": "imp_res2",
      "provider": "provider[\"registry.terraform.io/hashicorp/local\"]",
      "instances": [
        {
          "schema_version": 0,
          "attributes": {
            "content": "some value from  resource imp_res2345 ",
            "content_base64": null,
            "content_base64sha256": "FHniFzutMZlX/MCNsFNRQcqDDpY/gL5Gy8ddPWZMZ1g=",
            "content_base64sha512": "CWvUP0NLNIRNc1jD7nvRyEPuwbXenbrJOQ2eXvLG3EKqCducUqxRr/9LOAyyzouGDTZ0S9Dkz7tyacSC58KOcg==",
            "content_md5": "5f4092e1cd2a6660a53ecf0b59592279",
            "content_sha1": "c65b07ff26d09b0087ac6ab41990d6d1f0f8753a",
            "content_sha256": "1479e2173bad319957fcc08db0535141ca830e963f80be46cbc75d3d664c6758",
            "content_sha512": "096bd43f434b34844d7358c3ee7bd1c843eec1b5de9dbac9390d9e5ef2c6dc42aa09db9c52ac51afff4b380cb2ce8b860d36744bd0e4cfbb7269c482e7c28e72",
            "directory_permission": "0777",
            "file_permission": "0777",
            "filename": "res123",
            "id": "c65b07ff26d09b0087ac6ab41990d6d1f0f8753a",
            "sensitive_content": null,
            "source": null
          },
          "sensitive_attributes": [
            [
              {
                "type": "get_attr",
                "value": "sensitive_content"
              }
            ]
          ]
        }
      ]
    },
    {
      "mode": "managed",
      "type": "local_file",
      "name": "imp_res4",
      "provider": "provider[\"registry.terraform.io/hashicorp/local\"]",
      "instances": [
        {
          "schema_version": 0,
          "attributes": {
            "content": "some value from  resource imp_res1 ",
            "content_base64": null,
            "content_base64sha256": "B2ao7yH/iXtphNHxxePwYNiSmmczi5VYJx5nGr9O+ck=",
            "content_base64sha512": "kZfD2te4UGZn5V5iwiTA/Et4VbLfQuqR+1lSzIC9SDo3pqkloASDnfbI6/6EHJja4gy6yifzNok3eX+Ns4JXAA==",
            "content_md5": "221b9096a13b4f3fd03d4215fea61abe",
            "content_sha1": "678e71446aeffbd763a181e0812989d18a9347b0",
            "content_sha256": "0766a8ef21ff897b6984d1f1c5e3f060d8929a67338b9558271e671abf4ef9c9",
            "content_sha512": "9197c3dad7b8506667e55e62c224c0fc4b7855b2df42ea91fb5952cc80bd483a37a6a925a004839df6c8ebfe841c98dae20cbaca27f3368937797f8db3825700",
            "directory_permission": "0777",
            "file_permission": "0777",
            "filename": "expl3.txt",
            "id": "678e71446aeffbd763a181e0812989d18a9347b0",
            "sensitive_content": null,
            "source": null
          },
          "sensitive_attributes": [
            [
              {
                "type": "get_attr",
                "value": "sensitive_content"
              }
            ]
          ],
          "dependencies": [
            "local_file.imp_res1"
          ]
        }
      ]
    },
    {
      "mode": "managed",
      "type": "local_file",
      "name": "res_demo1",
      "provider": "provider[\"registry.terraform.io/hashicorp/local\"]",
      "instances": [
        {
          "schema_version": 0,
          "attributes": {
            "content": "\n\n length1 = 16\n\n special1 = false\n\n override1 = \"some values from random auto .tfvars variable reference\"\n",
            "content_base64": null,
            "content_base64sha256": "LkTYl8JCgZXaQGZFzxHE9lfE+/GWACDMxP8gLmRTWMY=",
            "content_base64sha512": "k1YlAX8EeKA8NYZSEMJBWy4HVkV8UuWtjElG5cYPKsN2UeZ+SG7TpZ/D1Y2r4n5/VybzNTRa4WscuspwDoC/vw==",
            "content_md5": "ad5914c040d460644220ef45d45c0ec6",
            "content_sha1": "4851a4918ea1cceb591a7f1c058741f11b39f590",
            "content_sha256": "2e44d897c2428195da406645cf11c4f657c4fbf1960020ccc4ff202e645358c6",
            "content_sha512": "935625017f0478a03c35865210c2415b2e0756457c52e5ad8c4946e5c60f2ac37651e67e486ed3a59fc3d58dabe27e7f5726f335345ae16b1cbaca700e80bfbf",
            "directory_permission": "0777",
            "file_permission": "0777",
            "filename": "demo_res1.log",
            "id": "4851a4918ea1cceb591a7f1c058741f11b39f590",
            "sensitive_content": null,
            "source": null
          },
          "sensitive_attributes": [
            [
              {
                "type": "get_attr",
                "value": "sensitive_content"
              }
            ]
          ],
          "dependencies": [
            "data.local_file.data_res1"
          ]
        }
      ]
    }
  ],
  "check_results": null
}
